
Microsoft Visual Studio Solution File, Format Version 12.00
# Visual Studio Version 17
VisualStudioVersion = 17.8.34408.163
MinimumVisualStudioVersion = 10.0.40219.1
Project("{2150E333-8FDC-42A3-9474-1A3956D46DE8}") = "src", "src", "{29136062-2AFD-4BEA-BAFF-65F076E5EB54}"
EndProject
Project("{2150E333-8FDC-42A3-9474-1A3956D46DE8}") = "tests", "tests", "{8C7EA4D6-4B48-47F4-9BF5-E7C313D77411}"
EndProject
Project("{FAE04EC0-301F-11D3-BF4B-00C04F79EFBC}") = "SamCommerce.CustomerModule.Core", "SamCommerce.CustomerModule.Core\SamCommerce.CustomerModule.Core.csproj", "{A426274D-58A3-4800-A80C-0F6184516012}"
EndProject
Global
	GlobalSection(SolutionConfigurationPlatforms) = preSolution
		Debug|Any CPU = Debug|Any CPU
		Release|Any CPU = Release|Any CPU
	EndGlobalSection
	GlobalSection(ProjectConfigurationPlatforms) = postSolution
		{A426274D-58A3-4800-A80C-0F6184516012}.Debug|Any CPU.ActiveCfg = Debug|Any CPU
		{A426274D-58A3-4800-A80C-0F6184516012}.Debug|Any CPU.Build.0 = Debug|Any CPU
		{A426274D-58A3-4800-A80C-0F6184516012}.Release|Any CPU.ActiveCfg = Release|Any CPU
		{A426274D-58A3-4800-A80C-0F6184516012}.Release|Any CPU.Build.0 = Release|Any CPU
	EndGlobalSection
	GlobalSection(SolutionProperties) = preSolution
		HideSolutionNode = FALSE
	EndGlobalSection
	GlobalSection(NestedProjects) = preSolution
		{A426274D-58A3-4800-A80C-0F6184516012} = {29136062-2AFD-4BEA-BAFF-65F076E5EB54}
	EndGlobalSection
	GlobalSection(ExtensibilityGlobals) = postSolution
		SolutionGuid = {4938D045-8A06-4DAA-B8F3-B30E777F8411}
	EndGlobalSection
EndGlobal
